
Microsoft Visual Studio Solution File, Format Version 12.00
# Visual Studio 14
VisualStudioVersion = 14.0.25123.0
MinimumVisualStudioVersion = 10.0.40219.1
Project("{FAE04EC0-301F-11D3-BF4B-00C04F79EFBC}") = "Homework3", "Homework3\Homework3.csproj", "{FE508B2C-E21E-4BE2-8E37-16EDBF9C12B2}"
EndProject
Global
	GlobalSection(SolutionConfigurationPlatforms) = preSolution
		Debug|Any CPU = Debug|Any CPU
		Release|Any CPU = Release|Any CPU
	EndGlobalSection
	GlobalSection(ProjectConfigurationPlatforms) = postSolution
		{FE508B2C-E21E-4BE2-8E37-16EDBF9C12B2}.Debug|Any CPU.ActiveCfg = Debug|Any CPU
		{FE508B2C-E21E-4BE2-8E37-16EDBF9C12B2}.Debug|Any CPU.Build.0 = Debug|Any CPU
		{FE508B2C-E21E-4BE2-8E37-16EDBF9C12B2}.Release|Any CPU.ActiveCfg = Release|Any CPU
		{FE508B2C-E21E-4BE2-8E37-16EDBF9C12B2}.Release|Any CPU.Build.0 = Release|Any CPU
	EndGlobalSection
	GlobalSection(SolutionProperties) = preSolution
		HideSolutionNode = FALSE
	EndGlobalSection
EndGlobal
